
Microsoft Visual Studio Solution File, Format Version 12.00
# Visual Studio 15
VisualStudioVersion = 15.0.27130.2024
MinimumVisualStudioVersion = 10.0.40219.1
Project("{FAE04EC0-301F-11D3-BF4B-00C04F79EFBC}") = "Main", "Main\Main.csproj", "{99C9E82C-C594-446D-AA59-8FFBC43AD226}"
	ProjectSection(ProjectDependencies) = postProject
		{AB8B448C-DD74-4D60-A041-3E5D03A32180} = {AB8B448C-DD74-4D60-A041-3E5D03A32180}
	EndProjectSection
EndProject
Project("{FAE04EC0-301F-11D3-BF4B-00C04F79EFBC}") = "Dashboard", "Dashboard\Dashboard.csproj", "{AB8B448C-DD74-4D60-A041-3E5D03A32180}"
EndProject
Project("{FAE04EC0-301F-11D3-BF4B-00C04F79EFBC}") = "Nav", "Nav\Nav.csproj", "{F13B9A35-DCF0-41DF-9872-2A6D259D466F}"
EndProject
Project("{FAE04EC0-301F-11D3-BF4B-00C04F79EFBC}") = "Common", "Common\Common.csproj", "{1AE9A5D5-B077-44A5-A998-622A71798E88}"
EndProject
Global
	GlobalSection(SolutionConfigurationPlatforms) = preSolution
		Debug|Any CPU = Debug|Any CPU
		Debug|ARM = Debug|ARM
		Debug|x64 = Debug|x64
		Debug|x86 = Debug|x86
		Release|Any CPU = Release|Any CPU
		Release|ARM = Release|ARM
		Release|x64 = Release|x64
		Release|x86 = Release|x86
	EndGlobalSection
	GlobalSection(ProjectConfigurationPlatforms) = postSolution
		{99C9E82C-C594-446D-AA59-8FFBC43AD226}.Debug|Any CPU.ActiveCfg = Debug|Any CPU
		{99C9E82C-C594-446D-AA59-8FFBC43AD226}.Debug|Any CPU.Build.0 = Debug|Any CPU
		{99C9E82C-C594-446D-AA59-8FFBC43AD226}.Debug|ARM.ActiveCfg = Debug|Any CPU
		{99C9E82C-C594-446D-AA59-8FFBC43AD226}.Debug|ARM.Build.0 = Debug|Any CPU
		{99C9E82C-C594-446D-AA59-8FFBC43AD226}.Debug|x64.ActiveCfg = Debug|Any CPU
		{99C9E82C-C594-446D-AA59-8FFBC43AD226}.Debug|x64.Build.0 = Debug|Any CPU
		{99C9E82C-C594-446D-AA59-8FFBC43AD226}.Debug|x86.ActiveCfg = Debug|Any CPU
		{99C9E82C-C594-446D-AA59-8FFBC43AD226}.Debug|x86.Build.0 = Debug|Any CPU
		{99C9E82C-C594-446D-AA59-8FFBC43AD226}.Release|Any CPU.ActiveCfg = Release|Any CPU
		{99C9E82C-C594-446D-AA59-8FFBC43AD226}.Release|Any CPU.Build.0 = Release|Any CPU
		{99C9E82C-C594-446D-AA59-8FFBC43AD226}.Release|ARM.ActiveCfg = Release|Any CPU
		{99C9E82C-C594-446D-AA59-8FFBC43AD226}.Release|ARM.Build.0 = Release|Any CPU
		{99C9E82C-C594-446D-AA59-8FFBC43AD226}.Release|x64.ActiveCfg = Release|Any CPU
		{99C9E82C-C594-446D-AA59-8FFBC43AD226}.Release|x64.Build.0 = Release|Any CPU
		{99C9E82C-C594-446D-AA59-8FFBC43AD226}.Release|x86.ActiveCfg = Release|Any CPU
		{99C9E82C-C594-446D-AA59-8FFBC43AD226}.Release|x86.Build.0 = Release|Any CPU
		{AB8B448C-DD74-4D60-A041-3E5D03A32180}.Debug|Any CPU.ActiveCfg = Debug|Any CPU
		{AB8B448C-DD74-4D60-A041-3E5D03A32180}.Debug|Any CPU.Build.0 = Debug|Any CPU
		{AB8B448C-DD74-4D60-A041-3E5D03A32180}.Debug|ARM.ActiveCfg = Debug|Any CPU
		{AB8B448C-DD74-4D60-A041-3E5D03A32180}.Debug|ARM.Build.0 = Debug|Any CPU
		{AB8B448C-DD74-4D60-A041-3E5D03A32180}.Debug|x64.ActiveCfg = Debug|Any CPU
		{AB8B448C-DD74-4D60-A041-3E5D03A32180}.Debug|x64.Build.0 = Debug|Any CPU
		{AB8B448C-DD74-4D60-A041-3E5D03A32180}.Debug|x86.ActiveCfg = Debug|Any CPU
		{AB8B448C-DD74-4D60-A041-3E5D03A32180}.Debug|x86.Build.0 = Debug|Any CPU
		{AB8B448C-DD74-4D60-A041-3E5D03A32180}.Release|Any CPU.ActiveCfg = Release|Any CPU
		{AB8B448C-DD74-4D60-A041-3E5D03A32180}.Release|Any CPU.Build.0 = Release|Any CPU
		{AB8B448C-DD74-4D60-A041-3E5D03A32180}.Release|ARM.ActiveCfg = Release|Any CPU
		{AB8B448C-DD74-4D60-A041-3E5D03A32180}.Release|ARM.Build.0 = Release|Any CPU
		{AB8B448C-DD74-4D60-A041-3E5D03A32180}.Release|x64.ActiveCfg = Release|Any CPU
		{AB8B448C-DD74-4D60-A041-3E5D03A32180}.Release|x64.Build.0 = Release|Any CPU
		{AB8B448C-DD74-4D60-A041-3E5D03A32180}.Release|x86.ActiveCfg = Release|Any CPU
		{AB8B448C-DD74-4D60-A041-3E5D03A32180}.Release|x86.Build.0 = Release|Any CPU
		{F13B9A35-DCF0-41DF-9872-2A6D259D466F}.Debug|Any CPU.ActiveCfg = Debug|Any CPU
		{F13B9A35-DCF0-41DF-9872-2A6D259D466F}.Debug|Any CPU.Build.0 = Debug|Any CPU
		{F13B9A35-DCF0-41DF-9872-2A6D259D466F}.Debug|ARM.ActiveCfg = Debug|Any CPU
		{F13B9A35-DCF0-41DF-9872-2A6D259D466F}.Debug|ARM.Build.0 = Debug|Any CPU
		{F13B9A35-DCF0-41DF-9872-2A6D259D466F}.Debug|x64.ActiveCfg = Debug|Any CPU
		{F13B9A35-DCF0-41DF-9872-2A6D259D466F}.Debug|x64.Build.0 = Debug|Any CPU
		{F13B9A35-DCF0-41DF-9872-2A6D259D466F}.Debug|x86.ActiveCfg = Debug|Any CPU
		{F13B9A35-DCF0-41DF-9872-2A6D259D466F}.Debug|x86.Build.0 = Debug|Any CPU
		{F13B9A35-DCF0-41DF-9872-2A6D259D466F}.Release|Any CPU.ActiveCfg = Release|Any CPU
		{F13B9A35-DCF0-41DF-9872-2A6D259D466F}.Release|Any CPU.Build.0 = Release|Any CPU
		{F13B9A35-DCF0-41DF-9872-2A6D259D466F}.Release|ARM.ActiveCfg = Release|Any CPU
		{F13B9A35-DCF0-41DF-9872-2A6D259D466F}.Release|ARM.Build.0 = Release|Any CPU
		{F13B9A35-DCF0-41DF-9872-2A6D259D466F}.Release|x64.ActiveCfg = Release|Any CPU
		{F13B9A35-DCF0-41DF-9872-2A6D259D466F}.Release|x64.Build.0 = Release|Any CPU
		{F13B9A35-DCF0-41DF-9872-2A6D259D466F}.Release|x86.ActiveCfg = Release|Any CPU
		{F13B9A35-DCF0-41DF-9872-2A6D259D466F}.Release|x86.Build.0 = Release|Any CPU
		{1AE9A5D5-B077-44A5-A998-622A71798E88}.Debug|Any CPU.ActiveCfg = Debug|Any CPU
		{1AE9A5D5-B077-44A5-A998-622A71798E88}.Debug|Any CPU.Build.0 = Debug|Any CPU
		{1AE9A5D5-B077-44A5-A998-622A71798E88}.Debug|ARM.ActiveCfg = Debug|Any CPU
		{1AE9A5D5-B077-44A5-A998-622A71798E88}.Debug|ARM.Build.0 = Debug|Any CPU
		{1AE9A5D5-B077-44A5-A998-622A71798E88}.Debug|x64.ActiveCfg = Debug|Any CPU
		{1AE9A5D5-B077-44A5-A998-622A71798E88}.Debug|x64.Build.0 = Debug|Any CPU
		{1AE9A5D5-B077-44A5-A998-622A71798E88}.Debug|x86.ActiveCfg = Debug|Any CPU
		{1AE9A5D5-B077-44A5-A998-622A71798E88}.Debug|x86.Build.0 = Debug|Any CPU
		{1AE9A5D5-B077-44A5-A998-622A71798E88}.Release|Any CPU.ActiveCfg = Release|Any CPU
		{1AE9A5D5-B077-44A5-A998-622A71798E88}.Release|Any CPU.Build.0 = Release|Any CPU
		{1AE9A5D5-B077-44A5-A998-622A71798E88}.Release|ARM.ActiveCfg = Release|Any CPU
		{1AE9A5D5-B077-44A5-A998-622A71798E88}.Release|ARM.Build.0 = Release|Any CPU
		{1AE9A5D5-B077-44A5-A998-622A71798E88}.Release|x64.ActiveCfg = Release|Any CPU
		{1AE9A5D5-B077-44A5-A998-622A71798E88}.Release|x64.Build.0 = Release|Any CPU
		{1AE9A5D5-B077-44A5-A998-622A71798E88}.Release|x86.ActiveCfg = Release|Any CPU
		{1AE9A5D5-B077-44A5-A998-622A71798E88}.Release|x86.Build.0 = Release|Any CPU
	EndGlobalSection
	GlobalSection(SolutionProperties) = preSolution
		HideSolutionNode = FALSE
	EndGlobalSection
	GlobalSection(ExtensibilityGlobals) = postSolution
		SolutionGuid = {B544572B-2DB4-45C3-B29B-6400986A24CB}
	EndGlobalSection
EndGlobal
